
Microsoft Visual Studio Solution File, Format Version 12.00
# Visual Studio Version 17
VisualStudioVersion = 17.5.002.0
MinimumVisualStudioVersion = 10.0.40219.1
Project("{9A19103F-16F7-4668-BE54-9A1E7A4F7556}") = "Manager.API", "Manager.API\Manager.API.csproj", "{C758FEF9-6448-4FF8-912A-6D8DEA7DE52D}"
EndProject
Project("{9A19103F-16F7-4668-BE54-9A1E7A4F7556}") = "Manager.Core", "Manager.Core\Manager.Core.csproj", "{ED060FA5-A4AD-4B26-A420-E853FE37BA1F}"
EndProject
Project("{9A19103F-16F7-4668-BE54-9A1E7A4F7556}") = "Manager.Domain", "Manager.Domain\Manager.Domain.csproj", "{14D01169-2A1A-4119-8460-D504CA6559E3}"
EndProject
Project("{9A19103F-16F7-4668-BE54-9A1E7A4F7556}") = "Manager.Infra", "Manager.Infra\Manager.Infra.csproj", "{6989C42B-6ACC-4672-A745-292BB9EB89E9}"
EndProject
Project("{9A19103F-16F7-4668-BE54-9A1E7A4F7556}") = "Manager.Services", "Manager.Services\Manager.Services.csproj", "{F07F36D6-3B99-4523-94BE-D72A9C00BB83}"
EndProject
Global
	GlobalSection(SolutionConfigurationPlatforms) = preSolution
		Debug|Any CPU = Debug|Any CPU
		Release|Any CPU = Release|Any CPU
	EndGlobalSection
	GlobalSection(ProjectConfigurationPlatforms) = postSolution
		{C758FEF9-6448-4FF8-912A-6D8DEA7DE52D}.Debug|Any CPU.ActiveCfg = Debug|Any CPU
		{C758FEF9-6448-4FF8-912A-6D8DEA7DE52D}.Debug|Any CPU.Build.0 = Debug|Any CPU
		{C758FEF9-6448-4FF8-912A-6D8DEA7DE52D}.Release|Any CPU.ActiveCfg = Release|Any CPU
		{C758FEF9-6448-4FF8-912A-6D8DEA7DE52D}.Release|Any CPU.Build.0 = Release|Any CPU
		{ED060FA5-A4AD-4B26-A420-E853FE37BA1F}.Debug|Any CPU.ActiveCfg = Debug|Any CPU
		{ED060FA5-A4AD-4B26-A420-E853FE37BA1F}.Debug|Any CPU.Build.0 = Debug|Any CPU
		{ED060FA5-A4AD-4B26-A420-E853FE37BA1F}.Release|Any CPU.ActiveCfg = Release|Any CPU
		{ED060FA5-A4AD-4B26-A420-E853FE37BA1F}.Release|Any CPU.Build.0 = Release|Any CPU
		{14D01169-2A1A-4119-8460-D504CA6559E3}.Debug|Any CPU.ActiveCfg = Debug|Any CPU
		{14D01169-2A1A-4119-8460-D504CA6559E3}.Debug|Any CPU.Build.0 = Debug|Any CPU
		{14D01169-2A1A-4119-8460-D504CA6559E3}.Release|Any CPU.ActiveCfg = Release|Any CPU
		{14D01169-2A1A-4119-8460-D504CA6559E3}.Release|Any CPU.Build.0 = Release|Any CPU
		{6989C42B-6ACC-4672-A745-292BB9EB89E9}.Debug|Any CPU.ActiveCfg = Debug|Any CPU
		{6989C42B-6ACC-4672-A745-292BB9EB89E9}.Debug|Any CPU.Build.0 = Debug|Any CPU
		{6989C42B-6ACC-4672-A745-292BB9EB89E9}.Release|Any CPU.ActiveCfg = Release|Any CPU
		{6989C42B-6ACC-4672-A745-292BB9EB89E9}.Release|Any CPU.Build.0 = Release|Any CPU
		{F07F36D6-3B99-4523-94BE-D72A9C00BB83}.Debug|Any CPU.ActiveCfg = Debug|Any CPU
		{F07F36D6-3B99-4523-94BE-D72A9C00BB83}.Debug|Any CPU.Build.0 = Debug|Any CPU
		{F07F36D6-3B99-4523-94BE-D72A9C00BB83}.Release|Any CPU.ActiveCfg = Release|Any CPU
		{F07F36D6-3B99-4523-94BE-D72A9C00BB83}.Release|Any CPU.Build.0 = Release|Any CPU
	EndGlobalSection
	GlobalSection(SolutionProperties) = preSolution
		HideSolutionNode = FALSE
	EndGlobalSection
	GlobalSection(ExtensibilityGlobals) = postSolution
		SolutionGuid = {45806022-485B-4C90-888B-4BDCEB0D49BF}
	EndGlobalSection
EndGlobal
